// !$*UTF8*$!
{
	archiveVersion = 1;
	classes = {
	};
	objectVersion = 52;
	objects = {

/* Begin PBXBuildFile section */
		F347821D2643EC0900E97D46 /* pop.mp3 in Resources */ = {isa = PBXBuildFile; fileRef = F347821C2643EC0900E97D46 /* pop.mp3 */; };
		F347821F2643EE7D00E97D46 /* Error.wav in Resources */ = {isa = PBXBuildFile; fileRef = F347821E2643EE7D00E97D46 /* Error.wav */; };
		F34782212643EFE100E97D46 /* trash.wav in Resources */ = {isa = PBXBuildFile; fileRef = F34782202643EFE100E97D46 /* trash.wav */; };
		F34782282643F3DE00E97D46 /* PoolParty.wav in Resources */ = {isa = PBXBuildFile; fileRef = F347822A2643F3DE00E97D46 /* PoolParty.wav */; };
		F38389DA2631B87F00EF5075 /* bubbleSwiftuiPart2App.swift in Sources */ = {isa = PBXBuildFile; fileRef = F38389D92631B87F00EF5075 /* bubbleSwiftuiPart2App.swift */; };
		F38389DC2631B87F00EF5075 /* ContentView.swift in Sources */ = {isa = PBXBuildFile; fileRef = F38389DB2631B87F00EF5075 /* ContentView.swift */; };
		F38389DE2631B88100EF5075 /* Assets.xcassets in Resources */ = {isa = PBXBuildFile; fileRef = F38389DD2631B88100EF5075 /* Assets.xcassets */; };
		F38389E12631B88100EF5075 /* Preview Assets.xcassets in Resources */ = {isa = PBXBuildFile; fileRef = F38389E02631B88100EF5075 /* Preview Assets.xcassets */; };
		F38389EA2631B89800EF5075 /* bubbleGame.swift in Sources */ = {isa = PBXBuildFile; fileRef = F38389E92631B89800EF5075 /* bubbleGame.swift */; };
		F38389ED2631B8A800EF5075 /* GameScene.swift in Sources */ = {isa = PBXBuildFile; fileRef = F38389EC2631B8A800EF5075 /* GameScene.swift */; };
		F38389F12631B91000EF5075 /* swift-algorand-sdk in Frameworks */ = {isa = PBXBuildFile; productRef = F38389F02631B91000EF5075 /* swift-algorand-sdk */; };
		F3D1A19B2648387100D586FC /* accounts.swift in Sources */ = {isa = PBXBuildFile; fileRef = F3D1A19A2648387100D586FC /* accounts.swift */; };
		F3D1A19D2648388400D586FC /* defaultsModel.swift in Sources */ = {isa = PBXBuildFile; fileRef = F3D1A19C2648388400D586FC /* defaultsModel.swift */; };
/* End PBXBuildFile section */

/* Begin PBXFileReference section */
		F347821C2643EC0900E97D46 /* pop.mp3 */ = {isa = PBXFileReference; lastKnownFileType = audio.mp3; path = pop.mp3; sourceTree = "<group>"; };
		F347821E2643EE7D00E97D46 /* Error.wav */ = {isa = PBXFileReference; lastKnownFileType = audio.wav; path = Error.wav; sourceTree = "<group>"; };
		F34782202643EFE100E97D46 /* trash.wav */ = {isa = PBXFileReference; lastKnownFileType = audio.wav; path = trash.wav; sourceTree = "<group>"; };
		F359AD52264408330014B246 /* en */ = {isa = PBXFileReference; lastKnownFileType = audio.wav; name = en; path = en.lproj/PoolParty.wav; sourceTree = "<group>"; };
		F38389D62631B87F00EF5075 /* bubbleSwiftuiPart2.app */ = {isa = PBXFileReference; explicitFileType = wrapper.application; includeInIndex = 0; path = bubbleSwiftuiPart2.app; sourceTree = BUILT_PRODUCTS_DIR; };
		F38389D92631B87F00EF5075 /* bubbleSwiftuiPart2App.swift */ = {isa = PBXFileReference; lastKnownFileType = sourcecode.swift; path = bubbleSwiftuiPart2App.swift; sourceTree = "<group>"; };
		F38389DB2631B87F00EF5075 /* ContentView.swift */ = {isa = PBXFileReference; lastKnownFileType = sourcecode.swift; path = ContentView.swift; sourceTree = "<group>"; };
		F38389DD2631B88100EF5075 /* Assets.xcassets */ = {isa = PBXFileReference; lastKnownFileType = folder.assetcatalog; path = Assets.xcassets; sourceTree = "<group>"; };
		F38389E02631B88100EF5075 /* Preview Assets.xcassets */ = {isa = PBXFileReference; lastKnownFileType = folder.assetcatalog; path = "Preview Assets.xcassets"; sourceTree = "<group>"; };
		F38389E22631B88100EF5075 /* Info.plist */ = {isa = PBXFileReference; lastKnownFileType = text.plist.xml; path = Info.plist; sourceTree = "<group>"; };
		F38389E92631B89800EF5075 /* bubbleGame.swift */ = {isa = PBXFileReference; lastKnownFileType = sourcecode.swift; path = bubbleGame.swift; sourceTree = "<group>"; };
		F38389EC2631B8A800EF5075 /* GameScene.swift */ = {isa = PBXFileReference; lastKnownFileType = sourcecode.swift; path = GameScene.swift; sourceTree = "<group>"; };
		F3D1A19A2648387100D586FC /* accounts.swift */ = {isa = PBXFileReference; lastKnownFileType = sourcecode.swift; path = accounts.swift; sourceTree = "<group>"; };
		F3D1A19C2648388400D586FC /* defaultsModel.swift */ = {isa = PBXFileReference; lastKnownFileType = sourcecode.swift; path = defaultsModel.swift; sourceTree = "<group>"; };
/* End PBXFileReference section */

/* Begin PBXFrameworksBuildPhase section */
		F38389D32631B87F00EF5075 /* Frameworks */ = {
			isa = PBXFrameworksBuildPhase;
			buildActionMask = 2147483647;
			files = (
				F38389F12631B91000EF5075 /* swift-algorand-sdk in Frameworks */,
			);
			runOnlyForDeploymentPostprocessing = 0;
		};
/* End PBXFrameworksBuildPhase section */

/* Begin PBXGroup section */
		F38389CD2631B87F00EF5075 = {
			isa = PBXGroup;
			children = (
				F38389D82631B87F00EF5075 /* bubbleSwiftuiPart2 */,
				F38389D72631B87F00EF5075 /* Products */,
			);
			sourceTree = "<group>";
		};
		F38389D72631B87F00EF5075 /* Products */ = {
			isa = PBXGroup;
			children = (
				F38389D62631B87F00EF5075 /* bubbleSwiftuiPart2.app */,
			);
			name = Products;
			sourceTree = "<group>";
		};
		F38389D82631B87F00EF5075 /* bubbleSwiftuiPart2 */ = {
			isa = PBXGroup;
			children = (
				F38389D92631B87F00EF5075 /* bubbleSwiftuiPart2App.swift */,
				F38389DB2631B87F00EF5075 /* ContentView.swift */,
				F38389E92631B89800EF5075 /* bubbleGame.swift */,
				F38389EC2631B8A800EF5075 /* GameScene.swift */,
				F3D1A19A2648387100D586FC /* accounts.swift */,
				F3D1A19C2648388400D586FC /* defaultsModel.swift */,
				F39210882642A35C001D2EBD /* music */,
				F38389DD2631B88100EF5075 /* Assets.xcassets */,
				F38389E22631B88100EF5075 /* Info.plist */,
				F38389DF2631B88100EF5075 /* Preview Content */,
			);
			path = bubbleSwiftuiPart2;
			sourceTree = "<group>";
		};
		F38389DF2631B88100EF5075 /* Preview Content */ = {
			isa = PBXGroup;
			children = (
				F38389E02631B88100EF5075 /* Preview Assets.xcassets */,
			);
			path = "Preview Content";
			sourceTree = "<group>";
		};
		F39210882642A35C001D2EBD /* music */ = {
			isa = PBXGroup;
			children = (
				F347822A2643F3DE00E97D46 /* PoolParty.wav */,
				F347821E2643EE7D00E97D46 /* Error.wav */,
				F347821C2643EC0900E97D46 /* pop.mp3 */,
				F34782202643EFE100E97D46 /* trash.wav */,
			);
			path = music;
			sourceTree = "<group>";
		};
/* End PBXGroup section */

/* Begin PBXNativeTarget section */
		F38389D52631B87F00EF5075 /* bubbleSwiftuiPart2 */ = {
			isa = PBXNativeTarget;
			buildConfigurationList = F38389E52631B88100EF5075 /* Build configuration list for PBXNativeTarget "bubbleSwiftuiPart2" */;
			buildPhases = (
				F38389D22631B87F00EF5075 /* Sources */,
				F38389D32631B87F00EF5075 /* Frameworks */,
				F38389D42631B87F00EF5075 /* Resources */,
			);
			buildRules = (
			);
			dependencies = (
			);
			name = bubbleSwiftuiPart2;
			packageProductDependencies = (
				F38389F02631B91000EF5075 /* swift-algorand-sdk */,
			);
			productName = bubbleSwiftuiPart2;
			productReference = F38389D62631B87F00EF5075 /* bubbleSwiftuiPart2.app */;
			productType = "com.apple.product-type.application";
		};
/* End PBXNativeTarget section */

/* Begin PBXProject section */
		F38389CE2631B87F00EF5075 /* Project object */ = {
			isa = PBXProject;
			attributes = {
				LastSwiftUpdateCheck = 1240;
				LastUpgradeCheck = 1240;
				TargetAttributes = {
					F38389D52631B87F00EF5075 = {
						CreatedOnToolsVersion = 12.4;
					};
				};
			};
			buildConfigurationList = F38389D12631B87F00EF5075 /* Build configuration list for PBXProject "bubbleSwiftuiPart2" */;
			compatibilityVersion = "Xcode 9.3";
			developmentRegion = en;
			hasScannedForEncodings = 0;
			knownRegions = (
				en,
				Base,
			);
			mainGroup = F38389CD2631B87F00EF5075;
			packageReferences = (
				F38389EF2631B91000EF5075 /* XCRemoteSwiftPackageReference "Swift-Algorand-Sdk" */,
			);
			productRefGroup = F38389D72631B87F00EF5075 /* Products */;
			projectDirPath = "";
			projectRoot = "";
			targets = (
				F38389D52631B87F00EF5075 /* bubbleSwiftuiPart2 */,
			);
		};
/* End PBXProject section */

/* Begin PBXResourcesBuildPhase section */
		F38389D42631B87F00EF5075 /* Resources */ = {
			isa = PBXResourcesBuildPhase;
			buildActionMask = 2147483647;
			files = (
				F347821D2643EC0900E97D46 /* pop.mp3 in Resources */,
				F38389E12631B88100EF5075 /* Preview Assets.xcassets in Resources */,
				F38389DE2631B88100EF5075 /* Assets.xcassets in Resources */,
				F34782282643F3DE00E97D46 /* PoolParty.wav in Resources */,
				F347821F2643EE7D00E97D46 /* Error.wav in Resources */,
				F34782212643EFE100E97D46 /* trash.wav in Resources */,
			);
			runOnlyForDeploymentPostprocessing = 0;
		};
/* End PBXResourcesBuildPhase section */

/* Begin PBXSourcesBuildPhase section */
		F38389D22631B87F00EF5075 /* Sources */ = {
			isa = PBXSourcesBuildPhase;
			buildActionMask = 2147483647;
			files = (
				F38389DC2631B87F00EF5075 /* ContentView.swift in Sources */,
				F38389EA2631B89800EF5075 /* bubbleGame.swift in Sources */,
				F3D1A19B2648387100D586FC /* accounts.swift in Sources */,
				F3D1A19D2648388400D586FC /* defaultsModel.swift in Sources */,
				F38389ED2631B8A800EF5075 /* GameScene.swift in Sources */,
				F38389DA2631B87F00EF5075 /* bubbleSwiftuiPart2App.swift in Sources */,
			);
			runOnlyForDeploymentPostprocessing = 0;
		};
/* End PBXSourcesBuildPhase section */

/* Begin PBXVariantGroup section */
		F347822A2643F3DE00E97D46 /* PoolParty.wav */ = {
			isa = PBXVariantGroup;
			children = (
				F359AD52264408330014B246 /* en */,
			);
			name = PoolParty.wav;
			sourceTree = "<group>";
		};
/* End PBXVariantGroup section */

/* Begin XCBuildConfiguration section */
		F38389E32631B88100EF5075 /* Debug */ = {
			isa = XCBuildConfiguration;
			buildSettings = {
				ALWAYS_SEARCH_USER_PATHS = NO;
				CLANG_ANALYZER_NONNULL = YES;
				CLANG_ANALYZER_NUMBER_OBJECT_CONVERSION = YES_AGGRESSIVE;
				CLANG_CXX_LANGUAGE_STANDARD = "gnu++14";
				CLANG_CXX_LIBRARY = "libc++";
				CLANG_ENABLE_MODULES = YES;
				CLANG_ENABLE_OBJC_ARC = YES;
				CLANG_ENABLE_OBJC_WEAK = YES;
				CLANG_WARN_BLOCK_CAPTURE_AUTORELEASING = YES;
				CLANG_WARN_BOOL_CONVERSION = YES;
				CLANG_WARN_COMMA = YES;
				CLANG_WARN_CONSTANT_CONVERSION = YES;
				CLANG_WARN_DEPRECATED_OBJC_IMPLEMENTATIONS = YES;
				CLANG_WARN_DIRECT_OBJC_ISA_USAGE = YES_ERROR;
				CLANG_WARN_DOCUMENTATION_COMMENTS = YES;
				CLANG_WARN_EMPTY_BODY = YES;
				CLANG_WARN_ENUM_CONVERSION = YES;
				CLANG_WARN_INFINITE_RECURSION = YES;
				CLANG_WARN_INT_CONVERSION = YES;
				CLANG_WARN_NON_LITERAL_NULL_CONVERSION = YES;
				CLANG_WARN_OBJC_IMPLICIT_RETAIN_SELF = YES;
				CLANG_WARN_OBJC_LITERAL_CONVERSION = YES;
				CLANG_WARN_OBJC_ROOT_CLASS = YES_ERROR;
				CLANG_WARN_QUOTED_INCLUDE_IN_FRAMEWORK_HEADER = YES;
				CLANG_WARN_RANGE_LOOP_ANALYSIS = YES;
				CLANG_WARN_STRICT_PROTOTYPES = YES;
				CLANG_WARN_SUSPICIOUS_MOVE = YES;
				CLANG_WARN_UNGUARDED_AVAILABILITY = YES_AGGRESSIVE;
				CLANG_WARN_UNREACHABLE_CODE = YES;
				CLANG_WARN__DUPLICATE_METHOD_MATCH = YES;
				COPY_PHASE_STRIP = NO;
				DEBUG_INFORMATION_FORMAT = dwarf;
				ENABLE_STRICT_OBJC_MSGSEND = YES;
				ENABLE_TESTABILITY = YES;
				GCC_C_LANGUAGE_STANDARD = gnu11;
				GCC_DYNAMIC_NO_PIC = NO;
				GCC_NO_COMMON_BLOCKS = YES;
				GCC_OPTIMIZATION_LEVEL = 0;
				GCC_PREPROCESSOR_DEFINITIONS = (
					"DEBUG=1",
					"$(inherited)",
				);
				GCC_WARN_64_TO_32_BIT_CONVERSION = YES;
				GCC_WARN_ABOUT_RETURN_TYPE = YES_ERROR;
				GCC_WARN_UNDECLARED_SELECTOR = YES;
				GCC_WARN_UNINITIALIZED_AUTOS = YES_AGGRESSIVE;
				GCC_WARN_UNUSED_FUNCTION = YES;
				GCC_WARN_UNUSED_VARIABLE = YES;
				IPHONEOS_DEPLOYMENT_TARGET = 14.4;
				MTL_ENABLE_DEBUG_INFO = INCLUDE_SOURCE;
				MTL_FAST_MATH = YES;
				ONLY_ACTIVE_ARCH = YES;
				SDKROOT = iphoneos;
				SWIFT_ACTIVE_COMPILATION_CONDITIONS = DEBUG;
				SWIFT_OPTIMIZATION_LEVEL = "-Onone";
			};
			name = Debug;
		};
		F38389E42631B88100EF5075 /* Release */ = {
			isa = XCBuildConfiguration;
			buildSettings = {
				ALWAYS_SEARCH_USER_PATHS = NO;
				CLANG_ANALYZER_NONNULL = YES;
				CLANG_ANALYZER_NUMBER_OBJECT_CONVERSION = YES_AGGRESSIVE;
				CLANG_CXX_LANGUAGE_STANDARD = "gnu++14";
				CLANG_CXX_LIBRARY = "libc++";
				CLANG_ENABLE_MODULES = YES;
				CLANG_ENABLE_OBJC_ARC = YES;
				CLANG_ENABLE_OBJC_WEAK = YES;
				CLANG_WARN_BLOCK_CAPTURE_AUTORELEASING = YES;
				CLANG_WARN_BOOL_CONVERSION = YES;
				CLANG_WARN_COMMA = YES;
				CLANG_WARN_CONSTANT_CONVERSION = YES;
				CLANG_WARN_DEPRECATED_OBJC_IMPLEMENTATIONS = YES;
				CLANG_WARN_DIRECT_OBJC_ISA_USAGE = YES_ERROR;
				CLANG_WARN_DOCUMENTATION_COMMENTS = YES;
				CLANG_WARN_EMPTY_BODY = YES;
				CLANG_WARN_ENUM_CONVERSION = YES;
				CLANG_WARN_INFINITE_RECURSION = YES;
				CLANG_WARN_INT_CONVERSION = YES;
				CLANG_WARN_NON_LITERAL_NULL_CONVERSION = YES;
				CLANG_WARN_OBJC_IMPLICIT_RETAIN_SELF = YES;
				CLANG_WARN_OBJC_LITERAL_CONVERSION = YES;
				CLANG_WARN_OBJC_ROOT_CLASS = YES_ERROR;
				CLANG_WARN_QUOTED_INCLUDE_IN_FRAMEWORK_HEADER = YES;
				CLANG_WARN_RANGE_LOOP_ANALYSIS = YES;
				CLANG_WARN_STRICT_PROTOTYPES = YES;
				CLANG_WARN_SUSPICIOUS_MOVE = YES;
				CLANG_WARN_UNGUARDED_AVAILABILITY = YES_AGGRESSIVE;
				CLANG_WARN_UNREACHABLE_CODE = YES;
				CLANG_WARN__DUPLICATE_METHOD_MATCH = YES;
				COPY_PHASE_STRIP = NO;
				DEBUG_INFORMATION_FORMAT = "dwarf-with-dsym";
				ENABLE_NS_ASSERTIONS = NO;
				ENABLE_STRICT_OBJC_MSGSEND = YES;
				GCC_C_LANGUAGE_STANDARD = gnu11;
				GCC_NO_COMMON_BLOCKS = YES;
				GCC_WARN_64_TO_32_BIT_CONVERSION = YES;
				GCC_WARN_ABOUT_RETURN_TYPE = YES_ERROR;
				GCC_WARN_UNDECLARED_SELECTOR = YES;
				GCC_WARN_UNINITIALIZED_AUTOS = YES_AGGRESSIVE;
				GCC_WARN_UNUSED_FUNCTION = YES;
				GCC_WARN_UNUSED_VARIABLE = YES;
				IPHONEOS_DEPLOYMENT_TARGET = 14.4;
				MTL_ENABLE_DEBUG_INFO = NO;
				MTL_FAST_MATH = YES;
				SDKROOT = iphoneos;
				SWIFT_COMPILATION_MODE = wholemodule;
				SWIFT_OPTIMIZATION_LEVEL = "-O";
				VALIDATE_PRODUCT = YES;
			};
			name = Release;
		};
		F38389E62631B88100EF5075 /* Debug */ = {
			isa = XCBuildConfiguration;
			buildSettings = {
				ASSETCATALOG_COMPILER_APPICON_NAME = AppIcon;
				ASSETCATALOG_COMPILER_GLOBAL_ACCENT_COLOR_NAME = AccentColor;
				CODE_SIGN_STYLE = Automatic;
				DEVELOPMENT_ASSET_PATHS = "\"bubbleSwiftuiPart2/Preview Content\"";
				DEVELOPMENT_TEAM = 78F53PVES8;
				ENABLE_PREVIEWS = YES;
				INFOPLIST_FILE = bubbleSwiftuiPart2/Info.plist;
				IPHONEOS_DEPLOYMENT_TARGET = 14.0;
				LD_RUNPATH_SEARCH_PATHS = (
					"$(inherited)",
					"@executable_path/Frameworks",
				);
				PRODUCT_BUNDLE_IDENTIFIER = com3dlifestudio.bubbleSwiftuiPart2;
				PRODUCT_NAME = "$(TARGET_NAME)";
				SWIFT_VERSION = 5.0;
				TARGETED_DEVICE_FAMILY = "1,2";
			};
			name = Debug;
		};
		F38389E72631B88100EF5075 /* Release */ = {
			isa = XCBuildConfiguration;
			buildSettings = {
				ASSETCATALOG_COMPILER_APPICON_NAME = AppIcon;
				ASSETCATALOG_COMPILER_GLOBAL_ACCENT_COLOR_NAME = AccentColor;
				CODE_SIGN_STYLE = Automatic;
				DEVELOPMENT_ASSET_PATHS = "\"bubbleSwiftuiPart2/Preview Content\"";
				DEVELOPMENT_TEAM = 78F53PVES8;
				ENABLE_PREVIEWS = YES;
				INFOPLIST_FILE = bubbleSwiftuiPart2/Info.plist;
				IPHONEOS_DEPLOYMENT_TARGET = 14.0;
				LD_RUNPATH_SEARCH_PATHS = (
					"$(inherited)",
					"@executable_path/Frameworks",
				);
				PRODUCT_BUNDLE_IDENTIFIER = com3dlifestudio.bubbleSwiftuiPart2;
				PRODUCT_NAME = "$(TARGET_NAME)";
				SWIFT_VERSION = 5.0;
				TARGETED_DEVICE_FAMILY = "1,2";
			};
			name = Release;
		};
/* End XCBuildConfiguration section */

/* Begin XCConfigurationList section */
		F38389D12631B87F00EF5075 /* Build configuration list for PBXProject "bubbleSwiftuiPart2" */ = {
			isa = XCConfigurationList;
			buildConfigurations = (
				F38389E32631B88100EF5075 /* Debug */,
				F38389E42631B88100EF5075 /* Release */,
			);
			defaultConfigurationIsVisible = 0;
			defaultConfigurationName = Release;
		};
		F38389E52631B88100EF5075 /* Build configuration list for PBXNativeTarget "bubbleSwiftuiPart2" */ = {
			isa = XCConfigurationList;
			buildConfigurations = (
				F38389E62631B88100EF5075 /* Debug */,
				F38389E72631B88100EF5075 /* Release */,
			);
			defaultConfigurationIsVisible = 0;
			defaultConfigurationName = Release;
		};
/* End XCConfigurationList section */

/* Begin XCRemoteSwiftPackageReference section */
		F38389EF2631B91000EF5075 /* XCRemoteSwiftPackageReference "Swift-Algorand-Sdk" */ = {
			isa = XCRemoteSwiftPackageReference;
			repositoryURL = "https://github.com/Jesulonimi21/Swift-Algorand-Sdk.git";
			requirement = {
				branch = main;
				kind = branch;
			};
		};
/* End XCRemoteSwiftPackageReference section */

/* Begin XCSwiftPackageProductDependency section */
		F38389F02631B91000EF5075 /* swift-algorand-sdk */ = {
			isa = XCSwiftPackageProductDependency;
			package = F38389EF2631B91000EF5075 /* XCRemoteSwiftPackageReference "Swift-Algorand-Sdk" */;
			productName = "swift-algorand-sdk";
		};
/* End XCSwiftPackageProductDependency section */
	};
	rootObject = F38389CE2631B87F00EF5075 /* Project object */;
}
